<?xml version="1.0" encoding="utf-8"?>
<Project ToolsVersion="4.0" xmlns="http://schemas.microsoft.com/developer/msbuild/2003">
  <ItemGroup>
    <Filter Include="inc">
      <UniqueIdentifier>{49630e65-3cbb-4f49-9d1e-4ae9dc7a3425}</UniqueIdentifier>
    </Filter>
    <Filter Include="src">
      <UniqueIdentifier>{168ef7d2-71c8-48bd-b6b0-56e28d9fd976}</UniqueIdentifier>
    </Filter>
  </ItemGroup>
  <ItemGroup>
    <ClInclude Include="framework.h" />
    <ClInclude Include="pch.h" />
  </ItemGroup>
  <ItemGroup>
    <ClCompile Include="network.cpp" />
    <ClCompile Include="pch.cpp" />
  </ItemGroup>
</Project>