<?xml version="1.0" encoding="utf-8"?>
<Project ToolsVersion="4.0" xmlns="http://schemas.microsoft.com/developer/msbuild/2003">
  <ItemGroup>
    <ClInclude Include="prv\pch.h" />
    <ClInclude Include="prv\framework.h" />
    <ClInclude Include="inc\ISession.h">
      <Filter>inc</Filter>
    </ClInclude>
  </ItemGroup>
  <ItemGroup>
    <ClCompile Include="src\pch.cpp" />
    <ClCompile Include="prv\network.cpp">
      <Filter>src</Filter>
    </ClCompile>
  </ItemGroup>
  <ItemGroup>
    <Filter Include="inc">
      <UniqueIdentifier>{ed9382c5-58ef-4a91-b838-7e91b71d61f5}</UniqueIdentifier>
    </Filter>
    <Filter Include="src">
      <UniqueIdentifier>{3e26602e-a851-4013-9c9c-5f687bb4bd59}</UniqueIdentifier>
    </Filter>
  </ItemGroup>
</Project>