<?xml version="1.0" encoding="utf-8"?>
<Project ToolsVersion="4.0" xmlns="http://schemas.microsoft.com/developer/msbuild/2003">
  <ItemGroup>
    <Filter Include="handlers">
      <UniqueIdentifier>{8a3c5e2f-1b4d-4f6a-9e7c-3d2b1a0f5e8c}</UniqueIdentifier>
    </Filter>
  </ItemGroup>
  <ItemGroup>
    <ClCompile Include="main.cpp" />
    <ClCompile Include="MetricsCallbacksFactory.cpp" />
    <ClCompile Include="Server.cpp" />
    <ClCompile Include="handlers\ChatMessageHandler.cpp">
      <Filter>handlers</Filter>
    </ClCompile>
    <ClCompile Include="handlers\JoinRoomHandler.cpp">
      <Filter>handlers</Filter>
    </ClCompile>
  </ItemGroup>
  <ItemGroup>
    <ClInclude Include="MetricsCallbacksFactory.h" />
    <ClInclude Include="Server.h" />
    <ClInclude Include="handlers\ChatMessageHandler.h">
      <Filter>handlers</Filter>
    </ClInclude>
    <ClInclude Include="handlers\JoinRoomHandler.h">
      <Filter>handlers</Filter>
    </ClInclude>
  </ItemGroup>
</Project>
